// !$*UTF8*$!
{
	archiveVersion = 1;
	classes = {
	};
	objectVersion = 48;
	objects = {

/* Begin PBXBuildFile section */
		0F20A7761FC03352004F7965 /* test.m in Sources */ = {isa = PBXBuildFile; fileRef = 0F20A7751FC03351004F7965 /* test.m */; };
		0F402B6A1FC0A3DF00051BDD /* FollowersViewController.swift in Sources */ = {isa = PBXBuildFile; fileRef = 0F402B691FC0A3DF00051BDD /* FollowersViewController.swift */; };
		0F402B6C1FC0DFD800051BDD /* User.swift in Sources */ = {isa = PBXBuildFile; fileRef = 0F402B6B1FC0DFD800051BDD /* User.swift */; };
		0F402B6E1FC0E86600051BDD /* follower.swift in Sources */ = {isa = PBXBuildFile; fileRef = 0F402B6D1FC0E86600051BDD /* follower.swift */; };
		0F4E46161FC3003400AB03F7 /* FollowersData.xcdatamodeld in Sources */ = {isa = PBXBuildFile; fileRef = 0F4E46141FC3003400AB03F7 /* FollowersData.xcdatamodeld */; };
		0F902D381FC1DCAE0061E43C /* FollowerInfoViweController.swift in Sources */ = {isa = PBXBuildFile; fileRef = 0F902D371FC1DCAE0061E43C /* FollowerInfoViweController.swift */; };
		0FD331AE1FBF470D008FA0BC /* AppDelegate.swift in Sources */ = {isa = PBXBuildFile; fileRef = 0FD331AD1FBF470D008FA0BC /* AppDelegate.swift */; };
		0FD331B01FBF470D008FA0BC /* ViewController.swift in Sources */ = {isa = PBXBuildFile; fileRef = 0FD331AF1FBF470D008FA0BC /* ViewController.swift */; };
		0FD331B31FBF470D008FA0BC /* Main.storyboard in Resources */ = {isa = PBXBuildFile; fileRef = 0FD331B11FBF470D008FA0BC /* Main.storyboard */; };
		0FD331B51FBF470D008FA0BC /* Assets.xcassets in Resources */ = {isa = PBXBuildFile; fileRef = 0FD331B41FBF470D008FA0BC /* Assets.xcassets */; };
		0FD331B81FBF470E008FA0BC /* LaunchScreen.storyboard in Resources */ = {isa = PBXBuildFile; fileRef = 0FD331B61FBF470E008FA0BC /* LaunchScreen.storyboard */; };
		A774ACFEC9530D451E831709 /* Pods_twitterApp.framework in Frameworks */ = {isa = PBXBuildFile; fileRef = EA1593BD4CF7754040E97E46 /* Pods_twitterApp.framework */; };
/* End PBXBuildFile section */

/* Begin PBXFileReference section */
		0D5F12D5E1F2CDE69F40E1B6 /* Pods-twitterApp.debug.xcconfig */ = {isa = PBXFileReference; includeInIndex = 1; lastKnownFileType = text.xcconfig; name = "Pods-twitterApp.debug.xcconfig"; path = "Pods/Target Support Files/Pods-twitterApp/Pods-twitterApp.debug.xcconfig"; sourceTree = "<group>"; };
		0F20A7741FC0334F004F7965 /* twitterApp-Bridging-Header.h */ = {isa = PBXFileReference; lastKnownFileType = sourcecode.c.h; path = "twitterApp-Bridging-Header.h"; sourceTree = "<group>"; };
		0F20A7751FC03351004F7965 /* test.m */ = {isa = PBXFileReference; lastKnownFileType = sourcecode.c.objc; path = test.m; sourceTree = "<group>"; };
		0F402B691FC0A3DF00051BDD /* FollowersViewController.swift */ = {isa = PBXFileReference; lastKnownFileType = sourcecode.swift; path = FollowersViewController.swift; sourceTree = "<group>"; };
		0F402B6B1FC0DFD800051BDD /* User.swift */ = {isa = PBXFileReference; lastKnownFileType = sourcecode.swift; path = User.swift; sourceTree = "<group>"; };
		0F402B6D1FC0E86600051BDD /* follower.swift */ = {isa = PBXFileReference; lastKnownFileType = sourcecode.swift; path = follower.swift; sourceTree = "<group>"; };
		0F4E46151FC3003400AB03F7 /* FollowersData.xcdatamodel */ = {isa = PBXFileReference; lastKnownFileType = wrapper.xcdatamodel; path = FollowersData.xcdatamodel; sourceTree = "<group>"; };
		0F902D371FC1DCAE0061E43C /* FollowerInfoViweController.swift */ = {isa = PBXFileReference; lastKnownFileType = sourcecode.swift; path = FollowerInfoViweController.swift; sourceTree = "<group>"; };
		0FD331AA1FBF470D008FA0BC /* twitterApp.app */ = {isa = PBXFileReference; explicitFileType = wrapper.application; includeInIndex = 0; path = twitterApp.app; sourceTree = BUILT_PRODUCTS_DIR; };
		0FD331AD1FBF470D008FA0BC /* AppDelegate.swift */ = {isa = PBXFileReference; lastKnownFileType = sourcecode.swift; path = AppDelegate.swift; sourceTree = "<group>"; };
		0FD331AF1FBF470D008FA0BC /* ViewController.swift */ = {isa = PBXFileReference; lastKnownFileType = sourcecode.swift; path = ViewController.swift; sourceTree = "<group>"; };
		0FD331B21FBF470D008FA0BC /* Base */ = {isa = PBXFileReference; lastKnownFileType = file.storyboard; name = Base; path = Base.lproj/Main.storyboard; sourceTree = "<group>"; };
		0FD331B41FBF470D008FA0BC /* Assets.xcassets */ = {isa = PBXFileReference; lastKnownFileType = folder.assetcatalog; path = Assets.xcassets; sourceTree = "<group>"; };
		0FD331B71FBF470E008FA0BC /* Base */ = {isa = PBXFileReference; lastKnownFileType = file.storyboard; name = Base; path = Base.lproj/LaunchScreen.storyboard; sourceTree = "<group>"; };
		0FD331B91FBF470E008FA0BC /* Info.plist */ = {isa = PBXFileReference; lastKnownFileType = text.plist.xml; path = Info.plist; sourceTree = "<group>"; };
		34DAA5F87D27E28A73BCE49D /* Pods-twitterApp.release.xcconfig */ = {isa = PBXFileReference; includeInIndex = 1; lastKnownFileType = text.xcconfig; name = "Pods-twitterApp.release.xcconfig"; path = "Pods/Target Support Files/Pods-twitterApp/Pods-twitterApp.release.xcconfig"; sourceTree = "<group>"; };
		EA1593BD4CF7754040E97E46 /* Pods_twitterApp.framework */ = {isa = PBXFileReference; explicitFileType = wrapper.framework; includeInIndex = 0; path = Pods_twitterApp.framework; sourceTree = BUILT_PRODUCTS_DIR; };
/* End PBXFileReference section */

/* Begin PBXFrameworksBuildPhase section */
		0FD331A71FBF470D008FA0BC /* Frameworks */ = {
			isa = PBXFrameworksBuildPhase;
			buildActionMask = 2147483647;
			files = (
				A774ACFEC9530D451E831709 /* Pods_twitterApp.framework in Frameworks */,
			);
			runOnlyForDeploymentPostprocessing = 0;
		};
/* End PBXFrameworksBuildPhase section */

/* Begin PBXGroup section */
		0FD331A11FBF470C008FA0BC = {
			isa = PBXGroup;
			children = (
				0FD331AC1FBF470D008FA0BC /* twitterApp */,
				0FD331AB1FBF470D008FA0BC /* Products */,
				65CA7CD658F5A0190406320C /* Pods */,
				6E80C45026040EDDC4D3A453 /* Frameworks */,
			);
			sourceTree = "<group>";
		};
		0FD331AB1FBF470D008FA0BC /* Products */ = {
			isa = PBXGroup;
			children = (
				0FD331AA1FBF470D008FA0BC /* twitterApp.app */,
			);
			name = Products;
			sourceTree = "<group>";
		};
		0FD331AC1FBF470D008FA0BC /* twitterApp */ = {
			isa = PBXGroup;
			children = (
				0FD331AD1FBF470D008FA0BC /* AppDelegate.swift */,
				0FD602D11FC22F3F006C3A6C /* Model */,
				0FF952AC1FC369760055F70A /* Controller */,
				0FFED5F11FC3768A005963A1 /* View */,
				0FD331B91FBF470E008FA0BC /* Info.plist */,
				0F20A7751FC03351004F7965 /* test.m */,
				0F20A7741FC0334F004F7965 /* twitterApp-Bridging-Header.h */,
			);
			path = twitterApp;
			sourceTree = "<group>";
		};
		0FD602D11FC22F3F006C3A6C /* Model */ = {
			isa = PBXGroup;
			children = (
				0F402B6B1FC0DFD800051BDD /* User.swift */,
				0F402B6D1FC0E86600051BDD /* follower.swift */,
				0F4E46141FC3003400AB03F7 /* FollowersData.xcdatamodeld */,
			);
			path = Model;
			sourceTree = "<group>";
		};
		0FF952AC1FC369760055F70A /* Controller */ = {
			isa = PBXGroup;
			children = (
				0FD331AF1FBF470D008FA0BC /* ViewController.swift */,
				0F902D371FC1DCAE0061E43C /* FollowerInfoViweController.swift */,
				0F402B691FC0A3DF00051BDD /* FollowersViewController.swift */,
			);
			path = Controller;
			sourceTree = "<group>";
		};
		0FFED5F11FC3768A005963A1 /* View */ = {
			isa = PBXGroup;
			children = (
				0FD331B11FBF470D008FA0BC /* Main.storyboard */,
				0FD331B41FBF470D008FA0BC /* Assets.xcassets */,
				0FD331B61FBF470E008FA0BC /* LaunchScreen.storyboard */,
			);
			path = View;
			sourceTree = "<group>";
		};
		65CA7CD658F5A0190406320C /* Pods */ = {
			isa = PBXGroup;
			children = (
				0D5F12D5E1F2CDE69F40E1B6 /* Pods-twitterApp.debug.xcconfig */,
				34DAA5F87D27E28A73BCE49D /* Pods-twitterApp.release.xcconfig */,
			);
			name = Pods;
			sourceTree = "<group>";
		};
		6E80C45026040EDDC4D3A453 /* Frameworks */ = {
			isa = PBXGroup;
			children = (
				EA1593BD4CF7754040E97E46 /* Pods_twitterApp.framework */,
			);
			name = Frameworks;
			sourceTree = "<group>";
		};
/* End PBXGroup section */

/* Begin PBXNativeTarget section */
		0FD331A91FBF470D008FA0BC /* twitterApp */ = {
			isa = PBXNativeTarget;
			buildConfigurationList = 0FD331BC1FBF470E008FA0BC /* Build configuration list for PBXNativeTarget "twitterApp" */;
			buildPhases = (
				24C1FE5EB66A93BCB63FB92C /* [CP] Check Pods Manifest.lock */,
				0FD331A61FBF470D008FA0BC /* Sources */,
				0FD331A71FBF470D008FA0BC /* Frameworks */,
				0FD331A81FBF470D008FA0BC /* Resources */,
				B7FF3C40B1AB191C904FD0CF /* [CP] Embed Pods Frameworks */,
				E66C038320988EB4E7492F1A /* [CP] Copy Pods Resources */,
			);
			buildRules = (
			);
			dependencies = (
			);
			name = twitterApp;
			productName = twitterApp;
			productReference = 0FD331AA1FBF470D008FA0BC /* twitterApp.app */;
			productType = "com.apple.product-type.application";
		};
/* End PBXNativeTarget section */

/* Begin PBXProject section */
		0FD331A21FBF470C008FA0BC /* Project object */ = {
			isa = PBXProject;
			attributes = {
				LastSwiftUpdateCheck = 0910;
				LastUpgradeCheck = 0910;
				ORGANIZATIONNAME = "Ibrahim Mostafa";
				TargetAttributes = {
					0FD331A91FBF470D008FA0BC = {
						CreatedOnToolsVersion = 9.1;
						LastSwiftMigration = 0910;
						ProvisioningStyle = Automatic;
					};
				};
			};
			buildConfigurationList = 0FD331A51FBF470C008FA0BC /* Build configuration list for PBXProject "twitterApp" */;
			compatibilityVersion = "Xcode 8.0";
			developmentRegion = en;
			hasScannedForEncodings = 0;
			knownRegions = (
				en,
				Base,
			);
			mainGroup = 0FD331A11FBF470C008FA0BC;
			productRefGroup = 0FD331AB1FBF470D008FA0BC /* Products */;
			projectDirPath = "";
			projectRoot = "";
			targets = (
				0FD331A91FBF470D008FA0BC /* twitterApp */,
			);
		};
/* End PBXProject section */

/* Begin PBXResourcesBuildPhase section */
		0FD331A81FBF470D008FA0BC /* Resources */ = {
			isa = PBXResourcesBuildPhase;
			buildActionMask = 2147483647;
			files = (
				0FD331B81FBF470E008FA0BC /* LaunchScreen.storyboard in Resources */,
				0FD331B51FBF470D008FA0BC /* Assets.xcassets in Resources */,
				0FD331B31FBF470D008FA0BC /* Main.storyboard in Resources */,
			);
			runOnlyForDeploymentPostprocessing = 0;
		};
/* End PBXResourcesBuildPhase section */

/* Begin PBXShellScriptBuildPhase section */
		24C1FE5EB66A93BCB63FB92C /* [CP] Check Pods Manifest.lock */ = {
			isa = PBXShellScriptBuildPhase;
			buildActionMask = 2147483647;
			files = (
			);
			inputPaths = (
				"${PODS_PODFILE_DIR_PATH}/Podfile.lock",
				"${PODS_ROOT}/Manifest.lock",
			);
			name = "[CP] Check Pods Manifest.lock";
			outputPaths = (
				"$(DERIVED_FILE_DIR)/Pods-twitterApp-checkManifestLockResult.txt",
			);
			runOnlyForDeploymentPostprocessing = 0;
			shellPath = /bin/sh;
			shellScript = "diff \"${PODS_PODFILE_DIR_PATH}/Podfile.lock\" \"${PODS_ROOT}/Manifest.lock\" > /dev/null\nif [ $? != 0 ] ; then\n    # print error to STDERR\n    echo \"error: The sandbox is not in sync with the Podfile.lock. Run 'pod install' or update your CocoaPods installation.\" >&2\n    exit 1\nfi\n# This output is used by Xcode 'outputs' to avoid re-running this script phase.\necho \"SUCCESS\" > \"${SCRIPT_OUTPUT_FILE_0}\"\n";
			showEnvVarsInLog = 0;
		};
		B7FF3C40B1AB191C904FD0CF /* [CP] Embed Pods Frameworks */ = {
			isa = PBXShellScriptBuildPhase;
			buildActionMask = 2147483647;
			files = (
			);
			inputPaths = (
			);
			name = "[CP] Embed Pods Frameworks";
			outputPaths = (
			);
			runOnlyForDeploymentPostprocessing = 0;
			shellPath = /bin/sh;
			shellScript = "\"${SRCROOT}/Pods/Target Support Files/Pods-twitterApp/Pods-twitterApp-frameworks.sh\"\n";
			showEnvVarsInLog = 0;
		};
		E66C038320988EB4E7492F1A /* [CP] Copy Pods Resources */ = {
			isa = PBXShellScriptBuildPhase;
			buildActionMask = 2147483647;
			files = (
			);
			inputPaths = (
				"${SRCROOT}/Pods/Target Support Files/Pods-twitterApp/Pods-twitterApp-resources.sh",
				"${PODS_ROOT}/TwitterKit/iOS/TwitterKit.framework/TwitterKitResources.bundle",
				"${PODS_ROOT}/TwitterKit/iOS/TwitterKit.framework/TwitterShareExtensionUIResources.bundle",
			);
			name = "[CP] Copy Pods Resources";
			outputPaths = (
				"${TARGET_BUILD_DIR}/${UNLOCALIZED_RESOURCES_FOLDER_PATH}",
			);
			runOnlyForDeploymentPostprocessing = 0;
			shellPath = /bin/sh;
			shellScript = "\"${SRCROOT}/Pods/Target Support Files/Pods-twitterApp/Pods-twitterApp-resources.sh\"\n";
			showEnvVarsInLog = 0;
		};
/* End PBXShellScriptBuildPhase section */

/* Begin PBXSourcesBuildPhase section */
		0FD331A61FBF470D008FA0BC /* Sources */ = {
			isa = PBXSourcesBuildPhase;
			buildActionMask = 2147483647;
			files = (
				0F402B6C1FC0DFD800051BDD /* User.swift in Sources */,
				0F4E46161FC3003400AB03F7 /* FollowersData.xcdatamodeld in Sources */,
				0F402B6A1FC0A3DF00051BDD /* FollowersViewController.swift in Sources */,
				0FD331B01FBF470D008FA0BC /* ViewController.swift in Sources */,
				0F402B6E1FC0E86600051BDD /* follower.swift in Sources */,
				0FD331AE1FBF470D008FA0BC /* AppDelegate.swift in Sources */,
				0F902D381FC1DCAE0061E43C /* FollowerInfoViweController.swift in Sources */,
				0F20A7761FC03352004F7965 /* test.m in Sources */,
			);
			runOnlyForDeploymentPostprocessing = 0;
		};
/* End PBXSourcesBuildPhase section */

/* Begin PBXVariantGroup section */
		0FD331B11FBF470D008FA0BC /* Main.storyboard */ = {
			isa = PBXVariantGroup;
			children = (
				0FD331B21FBF470D008FA0BC /* Base */,
			);
			name = Main.storyboard;
			sourceTree = "<group>";
		};
		0FD331B61FBF470E008FA0BC /* LaunchScreen.storyboard */ = {
			isa = PBXVariantGroup;
			children = (
				0FD331B71FBF470E008FA0BC /* Base */,
			);
			name = LaunchScreen.storyboard;
			sourceTree = "<group>";
		};
/* End PBXVariantGroup section */

/* Begin XCBuildConfiguration section */
		0FD331BA1FBF470E008FA0BC /* Debug */ = {
			isa = XCBuildConfiguration;
			buildSettings = {
				ALWAYS_SEARCH_USER_PATHS = NO;
				CLANG_ANALYZER_NONNULL = YES;
				CLANG_ANALYZER_NUMBER_OBJECT_CONVERSION = YES_AGGRESSIVE;
				CLANG_CXX_LANGUAGE_STANDARD = "gnu++14";
				CLANG_CXX_LIBRARY = "libc++";
				CLANG_ENABLE_MODULES = YES;
				CLANG_ENABLE_OBJC_ARC = YES;
				CLANG_WARN_BLOCK_CAPTURE_AUTORELEASING = YES;
				CLANG_WARN_BOOL_CONVERSION = YES;
				CLANG_WARN_COMMA = YES;
				CLANG_WARN_CONSTANT_CONVERSION = YES;
				CLANG_WARN_DIRECT_OBJC_ISA_USAGE = YES_ERROR;
				CLANG_WARN_DOCUMENTATION_COMMENTS = YES;
				CLANG_WARN_EMPTY_BODY = YES;
				CLANG_WARN_ENUM_CONVERSION = YES;
				CLANG_WARN_INFINITE_RECURSION = YES;
				CLANG_WARN_INT_CONVERSION = YES;
				CLANG_WARN_NON_LITERAL_NULL_CONVERSION = YES;
				CLANG_WARN_OBJC_LITERAL_CONVERSION = YES;
				CLANG_WARN_OBJC_ROOT_CLASS = YES_ERROR;
				CLANG_WARN_RANGE_LOOP_ANALYSIS = YES;
				CLANG_WARN_STRICT_PROTOTYPES = YES;
				CLANG_WARN_SUSPICIOUS_MOVE = YES;
				CLANG_WARN_UNGUARDED_AVAILABILITY = YES_AGGRESSIVE;
				CLANG_WARN_UNREACHABLE_CODE = YES;
				CLANG_WARN__DUPLICATE_METHOD_MATCH = YES;
				CODE_SIGN_IDENTITY = "iPhone Developer";
				COPY_PHASE_STRIP = NO;
				DEBUG_INFORMATION_FORMAT = dwarf;
				ENABLE_STRICT_OBJC_MSGSEND = YES;
				ENABLE_TESTABILITY = YES;
				GCC_C_LANGUAGE_STANDARD = gnu11;
				GCC_DYNAMIC_NO_PIC = NO;
				GCC_NO_COMMON_BLOCKS = YES;
				GCC_OPTIMIZATION_LEVEL = 0;
				GCC_PREPROCESSOR_DEFINITIONS = (
					"DEBUG=1",
					"$(inherited)",
				);
				GCC_WARN_64_TO_32_BIT_CONVERSION = YES;
				GCC_WARN_ABOUT_RETURN_TYPE = YES_ERROR;
				GCC_WARN_UNDECLARED_SELECTOR = YES;
				GCC_WARN_UNINITIALIZED_AUTOS = YES_AGGRESSIVE;
				GCC_WARN_UNUSED_FUNCTION = YES;
				GCC_WARN_UNUSED_VARIABLE = YES;
				IPHONEOS_DEPLOYMENT_TARGET = 11.1;
				MTL_ENABLE_DEBUG_INFO = YES;
				ONLY_ACTIVE_ARCH = YES;
				SDKROOT = iphoneos;
				SWIFT_ACTIVE_COMPILATION_CONDITIONS = DEBUG;
				SWIFT_OPTIMIZATION_LEVEL = "-Onone";
			};
			name = Debug;
		};
		0FD331BB1FBF470E008FA0BC /* Release */ = {
			isa = XCBuildConfiguration;
			buildSettings = {
				ALWAYS_SEARCH_USER_PATHS = NO;
				CLANG_ANALYZER_NONNULL = YES;
				CLANG_ANALYZER_NUMBER_OBJECT_CONVERSION = YES_AGGRESSIVE;
				CLANG_CXX_LANGUAGE_STANDARD = "gnu++14";
				CLANG_CXX_LIBRARY = "libc++";
				CLANG_ENABLE_MODULES = YES;
				CLANG_ENABLE_OBJC_ARC = YES;
				CLANG_WARN_BLOCK_CAPTURE_AUTORELEASING = YES;
				CLANG_WARN_BOOL_CONVERSION = YES;
				CLANG_WARN_COMMA = YES;
				CLANG_WARN_CONSTANT_CONVERSION = YES;
				CLANG_WARN_DIRECT_OBJC_ISA_USAGE = YES_ERROR;
				CLANG_WARN_DOCUMENTATION_COMMENTS = YES;
				CLANG_WARN_EMPTY_BODY = YES;
				CLANG_WARN_ENUM_CONVERSION = YES;
				CLANG_WARN_INFINITE_RECURSION = YES;
				CLANG_WARN_INT_CONVERSION = YES;
				CLANG_WARN_NON_LITERAL_NULL_CONVERSION = YES;
				CLANG_WARN_OBJC_LITERAL_CONVERSION = YES;
				CLANG_WARN_OBJC_ROOT_CLASS = YES_ERROR;
				CLANG_WARN_RANGE_LOOP_ANALYSIS = YES;
				CLANG_WARN_STRICT_PROTOTYPES = YES;
				CLANG_WARN_SUSPICIOUS_MOVE = YES;
				CLANG_WARN_UNGUARDED_AVAILABILITY = YES_AGGRESSIVE;
				CLANG_WARN_UNREACHABLE_CODE = YES;
				CLANG_WARN__DUPLICATE_METHOD_MATCH = YES;
				CODE_SIGN_IDENTITY = "iPhone Developer";
				COPY_PHASE_STRIP = NO;
				DEBUG_INFORMATION_FORMAT = "dwarf-with-dsym";
				ENABLE_NS_ASSERTIONS = NO;
				ENABLE_STRICT_OBJC_MSGSEND = YES;
				GCC_C_LANGUAGE_STANDARD = gnu11;
				GCC_NO_COMMON_BLOCKS = YES;
				GCC_WARN_64_TO_32_BIT_CONVERSION = YES;
				GCC_WARN_ABOUT_RETURN_TYPE = YES_ERROR;
				GCC_WARN_UNDECLARED_SELECTOR = YES;
				GCC_WARN_UNINITIALIZED_AUTOS = YES_AGGRESSIVE;
				GCC_WARN_UNUSED_FUNCTION = YES;
				GCC_WARN_UNUSED_VARIABLE = YES;
				IPHONEOS_DEPLOYMENT_TARGET = 11.1;
				MTL_ENABLE_DEBUG_INFO = NO;
				SDKROOT = iphoneos;
				SWIFT_OPTIMIZATION_LEVEL = "-Owholemodule";
				VALIDATE_PRODUCT = YES;
			};
			name = Release;
		};
		0FD331BD1FBF470E008FA0BC /* Debug */ = {
			isa = XCBuildConfiguration;
			baseConfigurationReference = 0D5F12D5E1F2CDE69F40E1B6 /* Pods-twitterApp.debug.xcconfig */;
			buildSettings = {
				ASSETCATALOG_COMPILER_APPICON_NAME = AppIcon;
				CLANG_ENABLE_MODULES = YES;
				CODE_SIGN_STYLE = Automatic;
				INFOPLIST_FILE = twitterApp/Info.plist;
				LD_RUNPATH_SEARCH_PATHS = "$(inherited) @executable_path/Frameworks";
				PRODUCT_BUNDLE_IDENTIFIER = himammz.twitterApp;
				PRODUCT_NAME = "$(TARGET_NAME)";
				SWIFT_OBJC_BRIDGING_HEADER = "twitterApp/twitterApp-Bridging-Header.h";
				SWIFT_OPTIMIZATION_LEVEL = "-Onone";
				SWIFT_VERSION = 4.0;
				TARGETED_DEVICE_FAMILY = "1,2";
			};
			name = Debug;
		};
		0FD331BE1FBF470E008FA0BC /* Release */ = {
			isa = XCBuildConfiguration;
			baseConfigurationReference = 34DAA5F87D27E28A73BCE49D /* Pods-twitterApp.release.xcconfig */;
			buildSettings = {
				ASSETCATALOG_COMPILER_APPICON_NAME = AppIcon;
				CLANG_ENABLE_MODULES = YES;
				CODE_SIGN_STYLE = Automatic;
				INFOPLIST_FILE = twitterApp/Info.plist;
				LD_RUNPATH_SEARCH_PATHS = "$(inherited) @executable_path/Frameworks";
				PRODUCT_BUNDLE_IDENTIFIER = himammz.twitterApp;
				PRODUCT_NAME = "$(TARGET_NAME)";
				SWIFT_OBJC_BRIDGING_HEADER = "twitterApp/twitterApp-Bridging-Header.h";
				SWIFT_VERSION = 4.0;
				TARGETED_DEVICE_FAMILY = "1,2";
			};
			name = Release;
		};
/* End XCBuildConfiguration section */

/* Begin XCConfigurationList section */
		0FD331A51FBF470C008FA0BC /* Build configuration list for PBXProject "twitterApp" */ = {
			isa = XCConfigurationList;
			buildConfigurations = (
				0FD331BA1FBF470E008FA0BC /* Debug */,
				0FD331BB1FBF470E008FA0BC /* Release */,
			);
			defaultConfigurationIsVisible = 0;
			defaultConfigurationName = Release;
		};
		0FD331BC1FBF470E008FA0BC /* Build configuration list for PBXNativeTarget "twitterApp" */ = {
			isa = XCConfigurationList;
			buildConfigurations = (
				0FD331BD1FBF470E008FA0BC /* Debug */,
				0FD331BE1FBF470E008FA0BC /* Release */,
			);
			defaultConfigurationIsVisible = 0;
			defaultConfigurationName = Release;
		};
/* End XCConfigurationList section */

/* Begin XCVersionGroup section */
		0F4E46141FC3003400AB03F7 /* FollowersData.xcdatamodeld */ = {
			isa = XCVersionGroup;
			children = (
				0F4E46151FC3003400AB03F7 /* FollowersData.xcdatamodel */,
			);
			currentVersion = 0F4E46151FC3003400AB03F7 /* FollowersData.xcdatamodel */;
			path = FollowersData.xcdatamodeld;
			sourceTree = "<group>";
			versionGroupType = wrapper.xcdatamodel;
		};
/* End XCVersionGroup section */
	};
	rootObject = 0FD331A21FBF470C008FA0BC /* Project object */;
}
